<Solution>
  <Folder Name="/solution/">
    <File Path="AGENTS.md" />
    <File Path="Directory.Build.props" />
    <File Path="Directory.Packages.props" />
    <File Path="README.md" />
  </Folder>
  <Folder Name="/src/">
    <Project Path="src/WindowsMediaControl/WindowsMediaControl.csproj" />
    <Project Path="src/ScreenControl/ScreenControl.csproj" />
    <Project Path="src/Timers/Timers.csproj" />
  </Folder>
  <Folder Name="/tests/">
    <Project Path="tests/WindowsMediaControl.Tests/WindowsMediaControl.Tests.csproj" />
    <Project Path="tests/ScreenControl.Tests/ScreenControl.Tests.csproj" />
    <Project Path="tests/Timers.Tests/Timers.Tests.csproj" />
  </Folder>
</Solution>
